
Microsoft Visual Studio Solution File, Format Version 12.00
# Visual Studio 2012
Project("{FAE04EC0-301F-11D3-BF4B-00C04F79EFBC}") = "LexiconToGazetteer", "LexiconToGazetteer\LexiconToGazetteer.csproj", "{07300E78-7EB0-4999-8EBB-BC24CAF8DE43}"
EndProject
Project("{FAE04EC0-301F-11D3-BF4B-00C04F79EFBC}") = "ResultParseTool", "ResultParseTool\ResultParseTool.csproj", "{A0354129-174C-4248-9CA7-AAF7386C6E25}"
EndProject
Global
	GlobalSection(SolutionConfigurationPlatforms) = preSolution
		Debug|Any CPU = Debug|Any CPU
		Release|Any CPU = Release|Any CPU
	EndGlobalSection
	GlobalSection(ProjectConfigurationPlatforms) = postSolution
		{07300E78-7EB0-4999-8EBB-BC24CAF8DE43}.Debug|Any CPU.ActiveCfg = Debug|Any CPU
		{07300E78-7EB0-4999-8EBB-BC24CAF8DE43}.Debug|Any CPU.Build.0 = Debug|Any CPU
		{07300E78-7EB0-4999-8EBB-BC24CAF8DE43}.Release|Any CPU.ActiveCfg = Release|Any CPU
		{07300E78-7EB0-4999-8EBB-BC24CAF8DE43}.Release|Any CPU.Build.0 = Release|Any CPU
		{A0354129-174C-4248-9CA7-AAF7386C6E25}.Debug|Any CPU.ActiveCfg = Debug|Any CPU
		{A0354129-174C-4248-9CA7-AAF7386C6E25}.Debug|Any CPU.Build.0 = Debug|Any CPU
		{A0354129-174C-4248-9CA7-AAF7386C6E25}.Release|Any CPU.ActiveCfg = Release|Any CPU
		{A0354129-174C-4248-9CA7-AAF7386C6E25}.Release|Any CPU.Build.0 = Release|Any CPU
	EndGlobalSection
	GlobalSection(SolutionProperties) = preSolution
		HideSolutionNode = FALSE
	EndGlobalSection
EndGlobal
